
Microsoft Visual Studio Solution File, Format Version 12.00
# Visual Studio Version 17
VisualStudioVersion = 17.2.32505.173
MinimumVisualStudioVersion = 10.0.40219.1
Project("{9A19103F-16F7-4668-BE54-9A1E7A4F7556}") = "PresentConnection", "PresentConnection\PresentConnection.csproj", "{E21FB687-12D8-4719-B077-CBE6524CD96D}"
EndProject
Project("{FAE04EC0-301F-11D3-BF4B-00C04F79EFBC}") = "PresentConnectionTests", "PresentConnectionTests\PresentConnectionTests.csproj", "{A8CAC7C7-5D0B-43CC-8658-AF0E5757BBC5}"
EndProject
Global
	GlobalSection(SolutionConfigurationPlatforms) = preSolution
		Debug|Any CPU = Debug|Any CPU
		Release|Any CPU = Release|Any CPU
	EndGlobalSection
	GlobalSection(ProjectConfigurationPlatforms) = postSolution
		{E21FB687-12D8-4719-B077-CBE6524CD96D}.Debug|Any CPU.ActiveCfg = Debug|Any CPU
		{E21FB687-12D8-4719-B077-CBE6524CD96D}.Debug|Any CPU.Build.0 = Debug|Any CPU
		{E21FB687-12D8-4719-B077-CBE6524CD96D}.Release|Any CPU.ActiveCfg = Release|Any CPU
		{E21FB687-12D8-4719-B077-CBE6524CD96D}.Release|Any CPU.Build.0 = Release|Any CPU
		{A8CAC7C7-5D0B-43CC-8658-AF0E5757BBC5}.Debug|Any CPU.ActiveCfg = Debug|Any CPU
		{A8CAC7C7-5D0B-43CC-8658-AF0E5757BBC5}.Debug|Any CPU.Build.0 = Debug|Any CPU
		{A8CAC7C7-5D0B-43CC-8658-AF0E5757BBC5}.Release|Any CPU.ActiveCfg = Release|Any CPU
		{A8CAC7C7-5D0B-43CC-8658-AF0E5757BBC5}.Release|Any CPU.Build.0 = Release|Any CPU
	EndGlobalSection
	GlobalSection(SolutionProperties) = preSolution
		HideSolutionNode = FALSE
	EndGlobalSection
	GlobalSection(ExtensibilityGlobals) = postSolution
		SolutionGuid = {D6C49CCA-6213-4459-853C-23F31568BC7E}
	EndGlobalSection
EndGlobal
